
Microsoft Visual Studio Solution File, Format Version 12.00
# Visual Studio 15
VisualStudioVersion = 15.0.26124.0
MinimumVisualStudioVersion = 15.0.26124.0
Project("{2150E333-8FDC-42A3-9474-1A3956D46DE8}") = "src", "src", "{CDF39E42-55A1-46D8-94C3-576CF882BF98}"
EndProject
Project("{F2A71F9B-5D33-465A-A702-920D77279786}") = "code1", "src\code1\code1.fsproj", "{2BC85DD5-FBFF-4B5A-AAE8-4AA7BCB0B726}"
EndProject
Global
	GlobalSection(SolutionConfigurationPlatforms) = preSolution
		Debug|Any CPU = Debug|Any CPU
		Debug|x64 = Debug|x64
		Debug|x86 = Debug|x86
		Release|Any CPU = Release|Any CPU
		Release|x64 = Release|x64
		Release|x86 = Release|x86
	EndGlobalSection
	GlobalSection(SolutionProperties) = preSolution
		HideSolutionNode = FALSE
	EndGlobalSection
	GlobalSection(ProjectConfigurationPlatforms) = postSolution
		{2BC85DD5-FBFF-4B5A-AAE8-4AA7BCB0B726}.Debug|Any CPU.ActiveCfg = Debug|Any CPU
		{2BC85DD5-FBFF-4B5A-AAE8-4AA7BCB0B726}.Debug|Any CPU.Build.0 = Debug|Any CPU
		{2BC85DD5-FBFF-4B5A-AAE8-4AA7BCB0B726}.Debug|x64.ActiveCfg = Debug|Any CPU
		{2BC85DD5-FBFF-4B5A-AAE8-4AA7BCB0B726}.Debug|x64.Build.0 = Debug|Any CPU
		{2BC85DD5-FBFF-4B5A-AAE8-4AA7BCB0B726}.Debug|x86.ActiveCfg = Debug|Any CPU
		{2BC85DD5-FBFF-4B5A-AAE8-4AA7BCB0B726}.Debug|x86.Build.0 = Debug|Any CPU
		{2BC85DD5-FBFF-4B5A-AAE8-4AA7BCB0B726}.Release|Any CPU.ActiveCfg = Release|Any CPU
		{2BC85DD5-FBFF-4B5A-AAE8-4AA7BCB0B726}.Release|Any CPU.Build.0 = Release|Any CPU
		{2BC85DD5-FBFF-4B5A-AAE8-4AA7BCB0B726}.Release|x64.ActiveCfg = Release|Any CPU
		{2BC85DD5-FBFF-4B5A-AAE8-4AA7BCB0B726}.Release|x64.Build.0 = Release|Any CPU
		{2BC85DD5-FBFF-4B5A-AAE8-4AA7BCB0B726}.Release|x86.ActiveCfg = Release|Any CPU
		{2BC85DD5-FBFF-4B5A-AAE8-4AA7BCB0B726}.Release|x86.Build.0 = Release|Any CPU
	EndGlobalSection
	GlobalSection(NestedProjects) = preSolution
		{2BC85DD5-FBFF-4B5A-AAE8-4AA7BCB0B726} = {CDF39E42-55A1-46D8-94C3-576CF882BF98}
	EndGlobalSection
EndGlobal
